
Microsoft Visual Studio Solution File, Format Version 12.00
# Visual Studio Version 17
VisualStudioVersion = 17.14.36327.8 d17.14
MinimumVisualStudioVersion = 10.0.40219.1
Project("{FAE04EC0-301F-11D3-BF4B-00C04F79EFBC}") = "Opdrachten week 3", "Opdrachten week 3.csproj", "{F30BACED-EA6D-42A4-B426-93F82549FC16}"
EndProject
Global
	GlobalSection(SolutionConfigurationPlatforms) = preSolution
		Debug|Any CPU = Debug|Any CPU
		Release|Any CPU = Release|Any CPU
	EndGlobalSection
	GlobalSection(ProjectConfigurationPlatforms) = postSolution
		{F30BACED-EA6D-42A4-B426-93F82549FC16}.Debug|Any CPU.ActiveCfg = Debug|Any CPU
		{F30BACED-EA6D-42A4-B426-93F82549FC16}.Debug|Any CPU.Build.0 = Debug|Any CPU
		{F30BACED-EA6D-42A4-B426-93F82549FC16}.Release|Any CPU.ActiveCfg = Release|Any CPU
		{F30BACED-EA6D-42A4-B426-93F82549FC16}.Release|Any CPU.Build.0 = Release|Any CPU
	EndGlobalSection
	GlobalSection(SolutionProperties) = preSolution
		HideSolutionNode = FALSE
	EndGlobalSection
	GlobalSection(ExtensibilityGlobals) = postSolution
		SolutionGuid = {9C28D34D-220B-4AC6-A772-7409FCE35A2E}
	EndGlobalSection
EndGlobal
